// !$*UTF8*$!
{
	archiveVersion = 1;
	classes = {
	};
	objectVersion = 56;
	objects = {

/* Begin PBXBuildFile section */
		195A4BEE2BCE5E5F007C84B2 /* RickMortyMarcosSuarezApp.swift in Sources */ = {isa = PBXBuildFile; fileRef = 195A4BED2BCE5E5F007C84B2 /* RickMortyMarcosSuarezApp.swift */; };
		195A4BF22BCE5E60007C84B2 /* Assets.xcassets in Resources */ = {isa = PBXBuildFile; fileRef = 195A4BF12BCE5E60007C84B2 /* Assets.xcassets */; };
		195A4BF52BCE5E60007C84B2 /* Preview Assets.xcassets in Resources */ = {isa = PBXBuildFile; fileRef = 195A4BF42BCE5E60007C84B2 /* Preview Assets.xcassets */; };
		195A4C122BCE60FD007C84B2 /* GetAllCharactersPage01.json in Resources */ = {isa = PBXBuildFile; fileRef = 195A4C112BCE60FD007C84B2 /* GetAllCharactersPage01.json */; };
		195A4C142BCE6272007C84B2 /* GetAllCharactersPage42.json in Resources */ = {isa = PBXBuildFile; fileRef = 195A4C132BCE6272007C84B2 /* GetAllCharactersPage42.json */; };
		195A4C182BCE6364007C84B2 /* GetAllCharactersPage02.json in Resources */ = {isa = PBXBuildFile; fileRef = 195A4C172BCE6364007C84B2 /* GetAllCharactersPage02.json */; };
		195A4C1D2BCE6719007C84B2 /* CharacterListResponse.swift in Sources */ = {isa = PBXBuildFile; fileRef = 195A4C1C2BCE6719007C84B2 /* CharacterListResponse.swift */; };
		195A4C1F2BCE67D1007C84B2 /* URLCharacters.swift in Sources */ = {isa = PBXBuildFile; fileRef = 195A4C1E2BCE67D1007C84B2 /* URLCharacters.swift */; };
		195A4C212BCE6975007C84B2 /* HTTPClientAsyncAwait.swift in Sources */ = {isa = PBXBuildFile; fileRef = 195A4C202BCE6975007C84B2 /* HTTPClientAsyncAwait.swift */; };
		195A4C242BCE72E2007C84B2 /* CharacterListRepository.swift in Sources */ = {isa = PBXBuildFile; fileRef = 195A4C232BCE72E2007C84B2 /* CharacterListRepository.swift */; };
		195A4C262BCE7960007C84B2 /* CharacterListRepositoryTest.swift in Sources */ = {isa = PBXBuildFile; fileRef = 195A4C252BCE7960007C84B2 /* CharacterListRepositoryTest.swift */; };
		195A4C282BCEAEE2007C84B2 /* GetAllCharactersErrorDecoder.json in Resources */ = {isa = PBXBuildFile; fileRef = 195A4C272BCEAEE2007C84B2 /* GetAllCharactersErrorDecoder.json */; };
		195A4C2C2BCEAF6B007C84B2 /* GetAllCharactersEmpty.json in Resources */ = {isa = PBXBuildFile; fileRef = 195A4C2B2BCEAF6B007C84B2 /* GetAllCharactersEmpty.json */; };
		198E805B2BCF791E000457BE /* CharactersListView.swift in Sources */ = {isa = PBXBuildFile; fileRef = 198E805A2BCF791E000457BE /* CharactersListView.swift */; };
		198E805E2BCF7E2F000457BE /* CharactersListViewModel.swift in Sources */ = {isa = PBXBuildFile; fileRef = 198E805D2BCF7E2F000457BE /* CharactersListViewModel.swift */; };
		198E80602BCF806D000457BE /* GetListCharacterUseCase.swift in Sources */ = {isa = PBXBuildFile; fileRef = 198E805F2BCF806D000457BE /* GetListCharacterUseCase.swift */; };
		198E80642BCF907C000457BE /* LogoCharacter.swift in Sources */ = {isa = PBXBuildFile; fileRef = 198E80632BCF907C000457BE /* LogoCharacter.swift */; };
		198E80662BCF90B9000457BE /* CharacterListCell.swift in Sources */ = {isa = PBXBuildFile; fileRef = 198E80652BCF90B9000457BE /* CharacterListCell.swift */; };
		198E80682BCFB5F3000457BE /* CharactersListViewModelTest.swift in Sources */ = {isa = PBXBuildFile; fileRef = 198E80672BCFB5F3000457BE /* CharactersListViewModelTest.swift */; };
		198E806E2BCFC6D0000457BE /* GetListCharacterUseCaseTest.swift in Sources */ = {isa = PBXBuildFile; fileRef = 198E806D2BCFC6D0000457BE /* GetListCharacterUseCaseTest.swift */; };
		198E80702BCFD415000457BE /* ImageLoader.swift in Sources */ = {isa = PBXBuildFile; fileRef = 198E806F2BCFD415000457BE /* ImageLoader.swift */; };
		198E80722BCFDE1D000457BE /* CharacterDetailView.swift in Sources */ = {isa = PBXBuildFile; fileRef = 198E80712BCFDE1D000457BE /* CharacterDetailView.swift */; };
/* End PBXBuildFile section */

/* Begin PBXContainerItemProxy section */
		195A4C082BCE5FF3007C84B2 /* PBXContainerItemProxy */ = {
			isa = PBXContainerItemProxy;
			containerPortal = 195A4BE22BCE5E5F007C84B2 /* Project object */;
			proxyType = 1;
			remoteGlobalIDString = 195A4BE92BCE5E5F007C84B2;
			remoteInfo = RickMortyMarcosSuarez;
		};
/* End PBXContainerItemProxy section */

/* Begin PBXFileReference section */
		195A4BEA2BCE5E5F007C84B2 /* RickMortyMarcosSuarez.app */ = {isa = PBXFileReference; explicitFileType = wrapper.application; includeInIndex = 0; path = RickMortyMarcosSuarez.app; sourceTree = BUILT_PRODUCTS_DIR; };
		195A4BED2BCE5E5F007C84B2 /* RickMortyMarcosSuarezApp.swift */ = {isa = PBXFileReference; lastKnownFileType = sourcecode.swift; path = RickMortyMarcosSuarezApp.swift; sourceTree = "<group>"; };
		195A4BF12BCE5E60007C84B2 /* Assets.xcassets */ = {isa = PBXFileReference; lastKnownFileType = folder.assetcatalog; path = Assets.xcassets; sourceTree = "<group>"; };
		195A4BF42BCE5E60007C84B2 /* Preview Assets.xcassets */ = {isa = PBXFileReference; lastKnownFileType = folder.assetcatalog; path = "Preview Assets.xcassets"; sourceTree = "<group>"; };
		195A4C042BCE5FF3007C84B2 /* RickMortyMarcosSuarezTests.xctest */ = {isa = PBXFileReference; explicitFileType = wrapper.cfbundle; includeInIndex = 0; path = RickMortyMarcosSuarezTests.xctest; sourceTree = BUILT_PRODUCTS_DIR; };
		195A4C112BCE60FD007C84B2 /* GetAllCharactersPage01.json */ = {isa = PBXFileReference; lastKnownFileType = text.json; path = GetAllCharactersPage01.json; sourceTree = "<group>"; };
		195A4C132BCE6272007C84B2 /* GetAllCharactersPage42.json */ = {isa = PBXFileReference; lastKnownFileType = text.json; path = GetAllCharactersPage42.json; sourceTree = "<group>"; };
		195A4C172BCE6364007C84B2 /* GetAllCharactersPage02.json */ = {isa = PBXFileReference; lastKnownFileType = text.json; path = GetAllCharactersPage02.json; sourceTree = "<group>"; };
		195A4C1C2BCE6719007C84B2 /* CharacterListResponse.swift */ = {isa = PBXFileReference; lastKnownFileType = sourcecode.swift; path = CharacterListResponse.swift; sourceTree = "<group>"; };
		195A4C1E2BCE67D1007C84B2 /* URLCharacters.swift */ = {isa = PBXFileReference; lastKnownFileType = sourcecode.swift; path = URLCharacters.swift; sourceTree = "<group>"; };
		195A4C202BCE6975007C84B2 /* HTTPClientAsyncAwait.swift */ = {isa = PBXFileReference; lastKnownFileType = sourcecode.swift; path = HTTPClientAsyncAwait.swift; sourceTree = "<group>"; };
		195A4C232BCE72E2007C84B2 /* CharacterListRepository.swift */ = {isa = PBXFileReference; lastKnownFileType = sourcecode.swift; path = CharacterListRepository.swift; sourceTree = "<group>"; };
		195A4C252BCE7960007C84B2 /* CharacterListRepositoryTest.swift */ = {isa = PBXFileReference; lastKnownFileType = sourcecode.swift; path = CharacterListRepositoryTest.swift; sourceTree = "<group>"; };
		195A4C272BCEAEE2007C84B2 /* GetAllCharactersErrorDecoder.json */ = {isa = PBXFileReference; lastKnownFileType = text.json; path = GetAllCharactersErrorDecoder.json; sourceTree = "<group>"; };
		195A4C2B2BCEAF6B007C84B2 /* GetAllCharactersEmpty.json */ = {isa = PBXFileReference; lastKnownFileType = text.json; path = GetAllCharactersEmpty.json; sourceTree = "<group>"; };
		198E805A2BCF791E000457BE /* CharactersListView.swift */ = {isa = PBXFileReference; lastKnownFileType = sourcecode.swift; path = CharactersListView.swift; sourceTree = "<group>"; };
		198E805D2BCF7E2F000457BE /* CharactersListViewModel.swift */ = {isa = PBXFileReference; lastKnownFileType = sourcecode.swift; path = CharactersListViewModel.swift; sourceTree = "<group>"; };
		198E805F2BCF806D000457BE /* GetListCharacterUseCase.swift */ = {isa = PBXFileReference; lastKnownFileType = sourcecode.swift; path = GetListCharacterUseCase.swift; sourceTree = "<group>"; };
		198E80632BCF907C000457BE /* LogoCharacter.swift */ = {isa = PBXFileReference; lastKnownFileType = sourcecode.swift; path = LogoCharacter.swift; sourceTree = "<group>"; };
		198E80652BCF90B9000457BE /* CharacterListCell.swift */ = {isa = PBXFileReference; lastKnownFileType = sourcecode.swift; path = CharacterListCell.swift; sourceTree = "<group>"; };
		198E80672BCFB5F3000457BE /* CharactersListViewModelTest.swift */ = {isa = PBXFileReference; lastKnownFileType = sourcecode.swift; path = CharactersListViewModelTest.swift; sourceTree = "<group>"; };
		198E806D2BCFC6D0000457BE /* GetListCharacterUseCaseTest.swift */ = {isa = PBXFileReference; lastKnownFileType = sourcecode.swift; path = GetListCharacterUseCaseTest.swift; sourceTree = "<group>"; };
		198E806F2BCFD415000457BE /* ImageLoader.swift */ = {isa = PBXFileReference; lastKnownFileType = sourcecode.swift; path = ImageLoader.swift; sourceTree = "<group>"; };
		198E80712BCFDE1D000457BE /* CharacterDetailView.swift */ = {isa = PBXFileReference; lastKnownFileType = sourcecode.swift; path = CharacterDetailView.swift; sourceTree = "<group>"; };
/* End PBXFileReference section */

/* Begin PBXFrameworksBuildPhase section */
		195A4BE72BCE5E5F007C84B2 /* Frameworks */ = {
			isa = PBXFrameworksBuildPhase;
			buildActionMask = 2147483647;
			files = (
			);
			runOnlyForDeploymentPostprocessing = 0;
		};
		195A4C012BCE5FF3007C84B2 /* Frameworks */ = {
			isa = PBXFrameworksBuildPhase;
			buildActionMask = 2147483647;
			files = (
			);
			runOnlyForDeploymentPostprocessing = 0;
		};
/* End PBXFrameworksBuildPhase section */

/* Begin PBXGroup section */
		195A4BE12BCE5E5F007C84B2 = {
			isa = PBXGroup;
			children = (
				195A4BEC2BCE5E5F007C84B2 /* RickMortyMarcosSuarez */,
				195A4C052BCE5FF3007C84B2 /* RickMortyMarcosSuarezTests */,
				195A4BEB2BCE5E5F007C84B2 /* Products */,
			);
			sourceTree = "<group>";
		};
		195A4BEB2BCE5E5F007C84B2 /* Products */ = {
			isa = PBXGroup;
			children = (
				195A4BEA2BCE5E5F007C84B2 /* RickMortyMarcosSuarez.app */,
				195A4C042BCE5FF3007C84B2 /* RickMortyMarcosSuarezTests.xctest */,
			);
			name = Products;
			sourceTree = "<group>";
		};
		195A4BEC2BCE5E5F007C84B2 /* RickMortyMarcosSuarez */ = {
			isa = PBXGroup;
			children = (
				195A4BED2BCE5E5F007C84B2 /* RickMortyMarcosSuarezApp.swift */,
				195A4BFC2BCE5ED5007C84B2 /* Views */,
				195A4BFB2BCE5EC4007C84B2 /* Domain */,
				195A4BFF2BCE5FD4007C84B2 /* UseCases */,
				195A4C222BCE72C1007C84B2 /* Data */,
				195A4BF12BCE5E60007C84B2 /* Assets.xcassets */,
				195A4BF32BCE5E60007C84B2 /* Preview Content */,
			);
			path = RickMortyMarcosSuarez;
			sourceTree = "<group>";
		};
		195A4BF32BCE5E60007C84B2 /* Preview Content */ = {
			isa = PBXGroup;
			children = (
				195A4BF42BCE5E60007C84B2 /* Preview Assets.xcassets */,
			);
			path = "Preview Content";
			sourceTree = "<group>";
		};
		195A4BFB2BCE5EC4007C84B2 /* Domain */ = {
			isa = PBXGroup;
			children = (
			);
			path = Domain;
			sourceTree = "<group>";
		};
		195A4BFC2BCE5ED5007C84B2 /* Views */ = {
			isa = PBXGroup;
			children = (
				198E805C2BCF7C06000457BE /* Pages */,
				195A4BFD2BCE5F4F007C84B2 /* Components */,
			);
			path = Views;
			sourceTree = "<group>";
		};
		195A4BFD2BCE5F4F007C84B2 /* Components */ = {
			isa = PBXGroup;
			children = (
				198E80632BCF907C000457BE /* LogoCharacter.swift */,
				198E80652BCF90B9000457BE /* CharacterListCell.swift */,
			);
			path = Components;
			sourceTree = "<group>";
		};
		195A4BFE2BCE5F70007C84B2 /* Repositories */ = {
			isa = PBXGroup;
			children = (
				195A4C232BCE72E2007C84B2 /* CharacterListRepository.swift */,
			);
			path = Repositories;
			sourceTree = "<group>";
		};
		195A4BFF2BCE5FD4007C84B2 /* UseCases */ = {
			isa = PBXGroup;
			children = (
				198E805F2BCF806D000457BE /* GetListCharacterUseCase.swift */,
			);
			path = UseCases;
			sourceTree = "<group>";
		};
		195A4C052BCE5FF3007C84B2 /* RickMortyMarcosSuarezTests */ = {
			isa = PBXGroup;
			children = (
				195A4C102BCE604D007C84B2 /* Mocks */,
				195A4C0F2BCE602D007C84B2 /* ViewModelsTest */,
				195A4C0E2BCE6017007C84B2 /* RepositoriesTest */,
				195A4C0D2BCE600B007C84B2 /* UseCasesTest */,
			);
			path = RickMortyMarcosSuarezTests;
			sourceTree = "<group>";
		};
		195A4C0D2BCE600B007C84B2 /* UseCasesTest */ = {
			isa = PBXGroup;
			children = (
				198E806D2BCFC6D0000457BE /* GetListCharacterUseCaseTest.swift */,
			);
			path = UseCasesTest;
			sourceTree = "<group>";
		};
		195A4C0E2BCE6017007C84B2 /* RepositoriesTest */ = {
			isa = PBXGroup;
			children = (
				195A4C252BCE7960007C84B2 /* CharacterListRepositoryTest.swift */,
			);
			path = RepositoriesTest;
			sourceTree = "<group>";
		};
		195A4C0F2BCE602D007C84B2 /* ViewModelsTest */ = {
			isa = PBXGroup;
			children = (
				198E80672BCFB5F3000457BE /* CharactersListViewModelTest.swift */,
			);
			path = ViewModelsTest;
			sourceTree = "<group>";
		};
		195A4C102BCE604D007C84B2 /* Mocks */ = {
			isa = PBXGroup;
			children = (
				198E80692BCFBA71000457BE /* JSONs */,
			);
			path = Mocks;
			sourceTree = "<group>";
		};
		195A4C1B2BCE66CF007C84B2 /* Network */ = {
			isa = PBXGroup;
			children = (
				195A4C1C2BCE6719007C84B2 /* CharacterListResponse.swift */,
				195A4C1E2BCE67D1007C84B2 /* URLCharacters.swift */,
				195A4C202BCE6975007C84B2 /* HTTPClientAsyncAwait.swift */,
				198E806F2BCFD415000457BE /* ImageLoader.swift */,
			);
			path = Network;
			sourceTree = "<group>";
		};
		195A4C222BCE72C1007C84B2 /* Data */ = {
			isa = PBXGroup;
			children = (
				195A4BFE2BCE5F70007C84B2 /* Repositories */,
				195A4C1B2BCE66CF007C84B2 /* Network */,
			);
			path = Data;
			sourceTree = "<group>";
		};
		198E805C2BCF7C06000457BE /* Pages */ = {
			isa = PBXGroup;
			children = (
				198E80612BCF9028000457BE /* CharacterListPage */,
				198E80622BCF9038000457BE /* CharacterDetailPage */,
			);
			path = Pages;
			sourceTree = "<group>";
		};
		198E80612BCF9028000457BE /* CharacterListPage */ = {
			isa = PBXGroup;
			children = (
				198E805A2BCF791E000457BE /* CharactersListView.swift */,
				198E805D2BCF7E2F000457BE /* CharactersListViewModel.swift */,
			);
			path = CharacterListPage;
			sourceTree = "<group>";
		};
		198E80622BCF9038000457BE /* CharacterDetailPage */ = {
			isa = PBXGroup;
			children = (
				198E80712BCFDE1D000457BE /* CharacterDetailView.swift */,
			);
			path = CharacterDetailPage;
			sourceTree = "<group>";
		};
		198E80692BCFBA71000457BE /* JSONs */ = {
			isa = PBXGroup;
			children = (
				195A4C112BCE60FD007C84B2 /* GetAllCharactersPage01.json */,
				195A4C172BCE6364007C84B2 /* GetAllCharactersPage02.json */,
				195A4C132BCE6272007C84B2 /* GetAllCharactersPage42.json */,
				195A4C272BCEAEE2007C84B2 /* GetAllCharactersErrorDecoder.json */,
				195A4C2B2BCEAF6B007C84B2 /* GetAllCharactersEmpty.json */,
			);
			path = JSONs;
			sourceTree = "<group>";
		};
/* End PBXGroup section */

/* Begin PBXNativeTarget section */
		195A4BE92BCE5E5F007C84B2 /* RickMortyMarcosSuarez */ = {
			isa = PBXNativeTarget;
			buildConfigurationList = 195A4BF82BCE5E60007C84B2 /* Build configuration list for PBXNativeTarget "RickMortyMarcosSuarez" */;
			buildPhases = (
				195A4BE62BCE5E5F007C84B2 /* Sources */,
				195A4BE72BCE5E5F007C84B2 /* Frameworks */,
				195A4BE82BCE5E5F007C84B2 /* Resources */,
			);
			buildRules = (
			);
			dependencies = (
			);
			name = RickMortyMarcosSuarez;
			productName = RickMortyMarcosSuarez;
			productReference = 195A4BEA2BCE5E5F007C84B2 /* RickMortyMarcosSuarez.app */;
			productType = "com.apple.product-type.application";
		};
		195A4C032BCE5FF3007C84B2 /* RickMortyMarcosSuarezTests */ = {
			isa = PBXNativeTarget;
			buildConfigurationList = 195A4C0A2BCE5FF3007C84B2 /* Build configuration list for PBXNativeTarget "RickMortyMarcosSuarezTests" */;
			buildPhases = (
				195A4C002BCE5FF3007C84B2 /* Sources */,
				195A4C012BCE5FF3007C84B2 /* Frameworks */,
				195A4C022BCE5FF3007C84B2 /* Resources */,
			);
			buildRules = (
			);
			dependencies = (
				195A4C092BCE5FF3007C84B2 /* PBXTargetDependency */,
			);
			name = RickMortyMarcosSuarezTests;
			productName = RickMortyMarcosSuarezTests;
			productReference = 195A4C042BCE5FF3007C84B2 /* RickMortyMarcosSuarezTests.xctest */;
			productType = "com.apple.product-type.bundle.unit-test";
		};
/* End PBXNativeTarget section */

/* Begin PBXProject section */
		195A4BE22BCE5E5F007C84B2 /* Project object */ = {
			isa = PBXProject;
			attributes = {
				BuildIndependentTargetsInParallel = 1;
				LastSwiftUpdateCheck = 1530;
				LastUpgradeCheck = 1530;
				TargetAttributes = {
					195A4BE92BCE5E5F007C84B2 = {
						CreatedOnToolsVersion = 15.3;
					};
					195A4C032BCE5FF3007C84B2 = {
						CreatedOnToolsVersion = 15.3;
						TestTargetID = 195A4BE92BCE5E5F007C84B2;
					};
				};
			};
			buildConfigurationList = 195A4BE52BCE5E5F007C84B2 /* Build configuration list for PBXProject "RickMortyMarcosSuarez" */;
			compatibilityVersion = "Xcode 14.0";
			developmentRegion = en;
			hasScannedForEncodings = 0;
			knownRegions = (
				en,
				Base,
			);
			mainGroup = 195A4BE12BCE5E5F007C84B2;
			productRefGroup = 195A4BEB2BCE5E5F007C84B2 /* Products */;
			projectDirPath = "";
			projectRoot = "";
			targets = (
				195A4BE92BCE5E5F007C84B2 /* RickMortyMarcosSuarez */,
				195A4C032BCE5FF3007C84B2 /* RickMortyMarcosSuarezTests */,
			);
		};
/* End PBXProject section */

/* Begin PBXResourcesBuildPhase section */
		195A4BE82BCE5E5F007C84B2 /* Resources */ = {
			isa = PBXResourcesBuildPhase;
			buildActionMask = 2147483647;
			files = (
				195A4BF52BCE5E60007C84B2 /* Preview Assets.xcassets in Resources */,
				195A4BF22BCE5E60007C84B2 /* Assets.xcassets in Resources */,
			);
			runOnlyForDeploymentPostprocessing = 0;
		};
		195A4C022BCE5FF3007C84B2 /* Resources */ = {
			isa = PBXResourcesBuildPhase;
			buildActionMask = 2147483647;
			files = (
				195A4C122BCE60FD007C84B2 /* GetAllCharactersPage01.json in Resources */,
				195A4C142BCE6272007C84B2 /* GetAllCharactersPage42.json in Resources */,
				195A4C282BCEAEE2007C84B2 /* GetAllCharactersErrorDecoder.json in Resources */,
				195A4C2C2BCEAF6B007C84B2 /* GetAllCharactersEmpty.json in Resources */,
				195A4C182BCE6364007C84B2 /* GetAllCharactersPage02.json in Resources */,
			);
			runOnlyForDeploymentPostprocessing = 0;
		};
/* End PBXResourcesBuildPhase section */

/* Begin PBXSourcesBuildPhase section */
		195A4BE62BCE5E5F007C84B2 /* Sources */ = {
			isa = PBXSourcesBuildPhase;
			buildActionMask = 2147483647;
			files = (
				198E80662BCF90B9000457BE /* CharacterListCell.swift in Sources */,
				198E80642BCF907C000457BE /* LogoCharacter.swift in Sources */,
				198E805E2BCF7E2F000457BE /* CharactersListViewModel.swift in Sources */,
				198E80722BCFDE1D000457BE /* CharacterDetailView.swift in Sources */,
				195A4C1F2BCE67D1007C84B2 /* URLCharacters.swift in Sources */,
				198E80602BCF806D000457BE /* GetListCharacterUseCase.swift in Sources */,
				198E80702BCFD415000457BE /* ImageLoader.swift in Sources */,
				195A4C212BCE6975007C84B2 /* HTTPClientAsyncAwait.swift in Sources */,
				195A4C242BCE72E2007C84B2 /* CharacterListRepository.swift in Sources */,
				198E805B2BCF791E000457BE /* CharactersListView.swift in Sources */,
				195A4C1D2BCE6719007C84B2 /* CharacterListResponse.swift in Sources */,
				195A4BEE2BCE5E5F007C84B2 /* RickMortyMarcosSuarezApp.swift in Sources */,
			);
			runOnlyForDeploymentPostprocessing = 0;
		};
		195A4C002BCE5FF3007C84B2 /* Sources */ = {
			isa = PBXSourcesBuildPhase;
			buildActionMask = 2147483647;
			files = (
				198E80682BCFB5F3000457BE /* CharactersListViewModelTest.swift in Sources */,
				195A4C262BCE7960007C84B2 /* CharacterListRepositoryTest.swift in Sources */,
				198E806E2BCFC6D0000457BE /* GetListCharacterUseCaseTest.swift in Sources */,
			);
			runOnlyForDeploymentPostprocessing = 0;
		};
/* End PBXSourcesBuildPhase section */

/* Begin PBXTargetDependency section */
		195A4C092BCE5FF3007C84B2 /* PBXTargetDependency */ = {
			isa = PBXTargetDependency;
			target = 195A4BE92BCE5E5F007C84B2 /* RickMortyMarcosSuarez */;
			targetProxy = 195A4C082BCE5FF3007C84B2 /* PBXContainerItemProxy */;
		};
/* End PBXTargetDependency section */

/* Begin XCBuildConfiguration section */
		195A4BF62BCE5E60007C84B2 /* Debug */ = {
			isa = XCBuildConfiguration;
			buildSettings = {
				ALWAYS_SEARCH_USER_PATHS = NO;
				ASSETCATALOG_COMPILER_GENERATE_SWIFT_ASSET_SYMBOL_EXTENSIONS = YES;
				CLANG_ANALYZER_NONNULL = YES;
				CLANG_ANALYZER_NUMBER_OBJECT_CONVERSION = YES_AGGRESSIVE;
				CLANG_CXX_LANGUAGE_STANDARD = "gnu++20";
				CLANG_ENABLE_MODULES = YES;
				CLANG_ENABLE_OBJC_ARC = YES;
				CLANG_ENABLE_OBJC_WEAK = YES;
				CLANG_WARN_BLOCK_CAPTURE_AUTORELEASING = YES;
				CLANG_WARN_BOOL_CONVERSION = YES;
				CLANG_WARN_COMMA = YES;
				CLANG_WARN_CONSTANT_CONVERSION = YES;
				CLANG_WARN_DEPRECATED_OBJC_IMPLEMENTATIONS = YES;
				CLANG_WARN_DIRECT_OBJC_ISA_USAGE = YES_ERROR;
				CLANG_WARN_DOCUMENTATION_COMMENTS = YES;
				CLANG_WARN_EMPTY_BODY = YES;
				CLANG_WARN_ENUM_CONVERSION = YES;
				CLANG_WARN_INFINITE_RECURSION = YES;
				CLANG_WARN_INT_CONVERSION = YES;
				CLANG_WARN_NON_LITERAL_NULL_CONVERSION = YES;
				CLANG_WARN_OBJC_IMPLICIT_RETAIN_SELF = YES;
				CLANG_WARN_OBJC_LITERAL_CONVERSION = YES;
				CLANG_WARN_OBJC_ROOT_CLASS = YES_ERROR;
				CLANG_WARN_QUOTED_INCLUDE_IN_FRAMEWORK_HEADER = YES;
				CLANG_WARN_RANGE_LOOP_ANALYSIS = YES;
				CLANG_WARN_STRICT_PROTOTYPES = YES;
				CLANG_WARN_SUSPICIOUS_MOVE = YES;
				CLANG_WARN_UNGUARDED_AVAILABILITY = YES_AGGRESSIVE;
				CLANG_WARN_UNREACHABLE_CODE = YES;
				CLANG_WARN__DUPLICATE_METHOD_MATCH = YES;
				COPY_PHASE_STRIP = NO;
				DEBUG_INFORMATION_FORMAT = dwarf;
				ENABLE_STRICT_OBJC_MSGSEND = YES;
				ENABLE_TESTABILITY = YES;
				ENABLE_USER_SCRIPT_SANDBOXING = YES;
				GCC_C_LANGUAGE_STANDARD = gnu17;
				GCC_DYNAMIC_NO_PIC = NO;
				GCC_NO_COMMON_BLOCKS = YES;
				GCC_OPTIMIZATION_LEVEL = 0;
				GCC_PREPROCESSOR_DEFINITIONS = (
					"DEBUG=1",
					"$(inherited)",
				);
				GCC_WARN_64_TO_32_BIT_CONVERSION = YES;
				GCC_WARN_ABOUT_RETURN_TYPE = YES_ERROR;
				GCC_WARN_UNDECLARED_SELECTOR = YES;
				GCC_WARN_UNINITIALIZED_AUTOS = YES_AGGRESSIVE;
				GCC_WARN_UNUSED_FUNCTION = YES;
				GCC_WARN_UNUSED_VARIABLE = YES;
				IPHONEOS_DEPLOYMENT_TARGET = 17.4;
				LOCALIZATION_PREFERS_STRING_CATALOGS = YES;
				MTL_ENABLE_DEBUG_INFO = INCLUDE_SOURCE;
				MTL_FAST_MATH = YES;
				ONLY_ACTIVE_ARCH = YES;
				SDKROOT = iphoneos;
				SWIFT_ACTIVE_COMPILATION_CONDITIONS = "DEBUG $(inherited)";
				SWIFT_OPTIMIZATION_LEVEL = "-Onone";
			};
			name = Debug;
		};
		195A4BF72BCE5E60007C84B2 /* Release */ = {
			isa = XCBuildConfiguration;
			buildSettings = {
				ALWAYS_SEARCH_USER_PATHS = NO;
				ASSETCATALOG_COMPILER_GENERATE_SWIFT_ASSET_SYMBOL_EXTENSIONS = YES;
				CLANG_ANALYZER_NONNULL = YES;
				CLANG_ANALYZER_NUMBER_OBJECT_CONVERSION = YES_AGGRESSIVE;
				CLANG_CXX_LANGUAGE_STANDARD = "gnu++20";
				CLANG_ENABLE_MODULES = YES;
				CLANG_ENABLE_OBJC_ARC = YES;
				CLANG_ENABLE_OBJC_WEAK = YES;
				CLANG_WARN_BLOCK_CAPTURE_AUTORELEASING = YES;
				CLANG_WARN_BOOL_CONVERSION = YES;
				CLANG_WARN_COMMA = YES;
				CLANG_WARN_CONSTANT_CONVERSION = YES;
				CLANG_WARN_DEPRECATED_OBJC_IMPLEMENTATIONS = YES;
				CLANG_WARN_DIRECT_OBJC_ISA_USAGE = YES_ERROR;
				CLANG_WARN_DOCUMENTATION_COMMENTS = YES;
				CLANG_WARN_EMPTY_BODY = YES;
				CLANG_WARN_ENUM_CONVERSION = YES;
				CLANG_WARN_INFINITE_RECURSION = YES;
				CLANG_WARN_INT_CONVERSION = YES;
				CLANG_WARN_NON_LITERAL_NULL_CONVERSION = YES;
				CLANG_WARN_OBJC_IMPLICIT_RETAIN_SELF = YES;
				CLANG_WARN_OBJC_LITERAL_CONVERSION = YES;
				CLANG_WARN_OBJC_ROOT_CLASS = YES_ERROR;
				CLANG_WARN_QUOTED_INCLUDE_IN_FRAMEWORK_HEADER = YES;
				CLANG_WARN_RANGE_LOOP_ANALYSIS = YES;
				CLANG_WARN_STRICT_PROTOTYPES = YES;
				CLANG_WARN_SUSPICIOUS_MOVE = YES;
				CLANG_WARN_UNGUARDED_AVAILABILITY = YES_AGGRESSIVE;
				CLANG_WARN_UNREACHABLE_CODE = YES;
				CLANG_WARN__DUPLICATE_METHOD_MATCH = YES;
				COPY_PHASE_STRIP = NO;
				DEBUG_INFORMATION_FORMAT = "dwarf-with-dsym";
				ENABLE_NS_ASSERTIONS = NO;
				ENABLE_STRICT_OBJC_MSGSEND = YES;
				ENABLE_USER_SCRIPT_SANDBOXING = YES;
				GCC_C_LANGUAGE_STANDARD = gnu17;
				GCC_NO_COMMON_BLOCKS = YES;
				GCC_WARN_64_TO_32_BIT_CONVERSION = YES;
				GCC_WARN_ABOUT_RETURN_TYPE = YES_ERROR;
				GCC_WARN_UNDECLARED_SELECTOR = YES;
				GCC_WARN_UNINITIALIZED_AUTOS = YES_AGGRESSIVE;
				GCC_WARN_UNUSED_FUNCTION = YES;
				GCC_WARN_UNUSED_VARIABLE = YES;
				IPHONEOS_DEPLOYMENT_TARGET = 17.4;
				LOCALIZATION_PREFERS_STRING_CATALOGS = YES;
				MTL_ENABLE_DEBUG_INFO = NO;
				MTL_FAST_MATH = YES;
				SDKROOT = iphoneos;
				SWIFT_COMPILATION_MODE = wholemodule;
				VALIDATE_PRODUCT = YES;
			};
			name = Release;
		};
		195A4BF92BCE5E60007C84B2 /* Debug */ = {
			isa = XCBuildConfiguration;
			buildSettings = {
				ASSETCATALOG_COMPILER_APPICON_NAME = AppIcon;
				ASSETCATALOG_COMPILER_GLOBAL_ACCENT_COLOR_NAME = AccentColor;
				CODE_SIGN_STYLE = Automatic;
				CURRENT_PROJECT_VERSION = 1;
				DEVELOPMENT_ASSET_PATHS = "\"RickMortyMarcosSuarez/Preview Content\"";
				ENABLE_PREVIEWS = YES;
				GENERATE_INFOPLIST_FILE = YES;
				INFOPLIST_KEY_UIApplicationSceneManifest_Generation = YES;
				INFOPLIST_KEY_UIApplicationSupportsIndirectInputEvents = YES;
				INFOPLIST_KEY_UILaunchScreen_Generation = YES;
				INFOPLIST_KEY_UISupportedInterfaceOrientations_iPad = "UIInterfaceOrientationPortrait UIInterfaceOrientationPortraitUpsideDown UIInterfaceOrientationLandscapeLeft UIInterfaceOrientationLandscapeRight";
				INFOPLIST_KEY_UISupportedInterfaceOrientations_iPhone = "UIInterfaceOrientationPortrait UIInterfaceOrientationLandscapeLeft UIInterfaceOrientationLandscapeRight";
				LD_RUNPATH_SEARCH_PATHS = (
					"$(inherited)",
					"@executable_path/Frameworks",
				);
				MARKETING_VERSION = 1.0;
				PRODUCT_BUNDLE_IDENTIFIER = marcos.sua.aya.RickMortyMarcosSuarez;
				PRODUCT_NAME = "$(TARGET_NAME)";
				SWIFT_EMIT_LOC_STRINGS = YES;
				SWIFT_VERSION = 5.0;
				TARGETED_DEVICE_FAMILY = "1,2";
			};
			name = Debug;
		};
		195A4BFA2BCE5E60007C84B2 /* Release */ = {
			isa = XCBuildConfiguration;
			buildSettings = {
				ASSETCATALOG_COMPILER_APPICON_NAME = AppIcon;
				ASSETCATALOG_COMPILER_GLOBAL_ACCENT_COLOR_NAME = AccentColor;
				CODE_SIGN_STYLE = Automatic;
				CURRENT_PROJECT_VERSION = 1;
				DEVELOPMENT_ASSET_PATHS = "\"RickMortyMarcosSuarez/Preview Content\"";
				ENABLE_PREVIEWS = YES;
				GENERATE_INFOPLIST_FILE = YES;
				INFOPLIST_KEY_UIApplicationSceneManifest_Generation = YES;
				INFOPLIST_KEY_UIApplicationSupportsIndirectInputEvents = YES;
				INFOPLIST_KEY_UILaunchScreen_Generation = YES;
				INFOPLIST_KEY_UISupportedInterfaceOrientations_iPad = "UIInterfaceOrientationPortrait UIInterfaceOrientationPortraitUpsideDown UIInterfaceOrientationLandscapeLeft UIInterfaceOrientationLandscapeRight";
				INFOPLIST_KEY_UISupportedInterfaceOrientations_iPhone = "UIInterfaceOrientationPortrait UIInterfaceOrientationLandscapeLeft UIInterfaceOrientationLandscapeRight";
				LD_RUNPATH_SEARCH_PATHS = (
					"$(inherited)",
					"@executable_path/Frameworks",
				);
				MARKETING_VERSION = 1.0;
				PRODUCT_BUNDLE_IDENTIFIER = marcos.sua.aya.RickMortyMarcosSuarez;
				PRODUCT_NAME = "$(TARGET_NAME)";
				SWIFT_EMIT_LOC_STRINGS = YES;
				SWIFT_VERSION = 5.0;
				TARGETED_DEVICE_FAMILY = "1,2";
			};
			name = Release;
		};
		195A4C0B2BCE5FF3007C84B2 /* Debug */ = {
			isa = XCBuildConfiguration;
			buildSettings = {
				BUNDLE_LOADER = "$(TEST_HOST)";
				CODE_SIGN_STYLE = Automatic;
				CURRENT_PROJECT_VERSION = 1;
				GENERATE_INFOPLIST_FILE = YES;
				MARKETING_VERSION = 1.0;
				PRODUCT_BUNDLE_IDENTIFIER = marcos.sua.aya.RickMortyMarcosSuarezTests;
				PRODUCT_NAME = "$(TARGET_NAME)";
				SWIFT_EMIT_LOC_STRINGS = NO;
				SWIFT_VERSION = 5.0;
				TARGETED_DEVICE_FAMILY = "1,2";
				TEST_HOST = "$(BUILT_PRODUCTS_DIR)/RickMortyMarcosSuarez.app/$(BUNDLE_EXECUTABLE_FOLDER_PATH)/RickMortyMarcosSuarez";
			};
			name = Debug;
		};
		195A4C0C2BCE5FF3007C84B2 /* Release */ = {
			isa = XCBuildConfiguration;
			buildSettings = {
				BUNDLE_LOADER = "$(TEST_HOST)";
				CODE_SIGN_STYLE = Automatic;
				CURRENT_PROJECT_VERSION = 1;
				GENERATE_INFOPLIST_FILE = YES;
				MARKETING_VERSION = 1.0;
				PRODUCT_BUNDLE_IDENTIFIER = marcos.sua.aya.RickMortyMarcosSuarezTests;
				PRODUCT_NAME = "$(TARGET_NAME)";
				SWIFT_EMIT_LOC_STRINGS = NO;
				SWIFT_VERSION = 5.0;
				TARGETED_DEVICE_FAMILY = "1,2";
				TEST_HOST = "$(BUILT_PRODUCTS_DIR)/RickMortyMarcosSuarez.app/$(BUNDLE_EXECUTABLE_FOLDER_PATH)/RickMortyMarcosSuarez";
			};
			name = Release;
		};
/* End XCBuildConfiguration section */

/* Begin XCConfigurationList section */
		195A4BE52BCE5E5F007C84B2 /* Build configuration list for PBXProject "RickMortyMarcosSuarez" */ = {
			isa = XCConfigurationList;
			buildConfigurations = (
				195A4BF62BCE5E60007C84B2 /* Debug */,
				195A4BF72BCE5E60007C84B2 /* Release */,
			);
			defaultConfigurationIsVisible = 0;
			defaultConfigurationName = Release;
		};
		195A4BF82BCE5E60007C84B2 /* Build configuration list for PBXNativeTarget "RickMortyMarcosSuarez" */ = {
			isa = XCConfigurationList;
			buildConfigurations = (
				195A4BF92BCE5E60007C84B2 /* Debug */,
				195A4BFA2BCE5E60007C84B2 /* Release */,
			);
			defaultConfigurationIsVisible = 0;
			defaultConfigurationName = Release;
		};
		195A4C0A2BCE5FF3007C84B2 /* Build configuration list for PBXNativeTarget "RickMortyMarcosSuarezTests" */ = {
			isa = XCConfigurationList;
			buildConfigurations = (
				195A4C0B2BCE5FF3007C84B2 /* Debug */,
				195A4C0C2BCE5FF3007C84B2 /* Release */,
			);
			defaultConfigurationIsVisible = 0;
			defaultConfigurationName = Release;
		};
/* End XCConfigurationList section */
	};
	rootObject = 195A4BE22BCE5E5F007C84B2 /* Project object */;
}
